
Microsoft Visual Studio Solution File, Format Version 12.00
# Visual Studio Version 17
VisualStudioVersion = 17.14.36915.13 d17.14
MinimumVisualStudioVersion = 10.0.40219.1
Project("{FAE04EC0-301F-11D3-BF4B-00C04F79EFBC}") = "Morpion", "Morpion\Morpion.csproj", "{EFE3E59A-C4E7-4555-AA51-987959934A90}"
EndProject
Global
	GlobalSection(SolutionConfigurationPlatforms) = preSolution
		Debug|Any CPU = Debug|Any CPU
		Release|Any CPU = Release|Any CPU
	EndGlobalSection
	GlobalSection(ProjectConfigurationPlatforms) = postSolution
		{EFE3E59A-C4E7-4555-AA51-987959934A90}.Debug|Any CPU.ActiveCfg = Debug|Any CPU
		{EFE3E59A-C4E7-4555-AA51-987959934A90}.Debug|Any CPU.Build.0 = Debug|Any CPU
		{EFE3E59A-C4E7-4555-AA51-987959934A90}.Release|Any CPU.ActiveCfg = Release|Any CPU
		{EFE3E59A-C4E7-4555-AA51-987959934A90}.Release|Any CPU.Build.0 = Release|Any CPU
	EndGlobalSection
	GlobalSection(SolutionProperties) = preSolution
		HideSolutionNode = FALSE
	EndGlobalSection
	GlobalSection(ExtensibilityGlobals) = postSolution
		SolutionGuid = {644121DA-690C-4027-9505-6B15791FE135}
	EndGlobalSection
EndGlobal
